// !$*UTF8*$!
{ archiveVersion = 1; classes = {}; objectVersion = 56; objects = {
000000000000000000000270 = { isa = PBXFileReference; lastKnownFileType = sourcecode.swift; path = SkillVFXView.swift; sourceTree = "<group>"; };
000000000000000000000271 = { isa = PBXBuildFile; fileRef = 000000000000000000000270; };
000000000000000000000264 = { isa = PBXFileReference; lastKnownFileType = sourcecode.swift; path = HeroBodyReview.swift; sourceTree = "<group>"; };
000000000000000000000265 = { isa = PBXBuildFile; fileRef = 000000000000000000000264; };

000000000000000000000260 = { isa = PBXFileReference; lastKnownFileType = sourcecode.swift; path = HeroBodyView.swift; sourceTree = "<group>"; };
000000000000000000000261 = { isa = PBXBuildFile; fileRef = 000000000000000000000260; };
000000000000000000000262 = { isa = PBXFileReference; lastKnownFileType = folder; path = HeroBody; sourceTree = "<group>"; };
000000000000000000000263 = { isa = PBXBuildFile; fileRef = 000000000000000000000262; };

000000000000000000000254 = { isa = PBXFileReference; lastKnownFileType = sourcecode.swift; path = MagePoseReview.swift; sourceTree = "<group>"; };
000000000000000000000255 = { isa = PBXBuildFile; fileRef = 000000000000000000000254; };
000000000000000000000250 = { isa = PBXFileReference; lastKnownFileType = sourcecode.swift; path = MageBodyView.swift; sourceTree = "<group>"; };
000000000000000000000251 = { isa = PBXBuildFile; fileRef = 000000000000000000000250; };
000000000000000000000252 = { isa = PBXFileReference; lastKnownFileType = folder; path = MageBody; sourceTree = "<group>"; };
000000000000000000000253 = { isa = PBXBuildFile; fileRef = 000000000000000000000252; };
000000000000000000000240 = { isa = PBXFileReference; lastKnownFileType = sourcecode.swift; path = CozyAudit.swift; sourceTree = "<group>"; };
000000000000000000000241 = { isa = PBXBuildFile; fileRef = 000000000000000000000240; };
000000000000000000000228 = { isa = PBXFileReference; lastKnownFileType = folder; path = Anim01; sourceTree = "<group>"; };
000000000000000000000229 = { isa = PBXBuildFile; fileRef = 000000000000000000000228; };
000000000000000000000226 = { isa = PBXFileReference; lastKnownFileType = folder; path = Cozy; sourceTree = "<group>"; };
000000000000000000000227 = { isa = PBXBuildFile; fileRef = 000000000000000000000226; };
000000000000000000000224 = { isa = PBXFileReference; lastKnownFileType = sourcecode.swift; path = Anim01Assets.swift; sourceTree = "<group>"; };
000000000000000000000225 = { isa = PBXBuildFile; fileRef = 000000000000000000000224; };
000000000000000000000222 = { isa = PBXFileReference; lastKnownFileType = sourcecode.swift; path = CozyBoard.swift; sourceTree = "<group>"; };
000000000000000000000223 = { isa = PBXBuildFile; fileRef = 000000000000000000000222; };
000000000000000000000220 = { isa = PBXFileReference; lastKnownFileType = sourcecode.swift; path = CozyStyle.swift; sourceTree = "<group>"; };
000000000000000000000221 = { isa = PBXBuildFile; fileRef = 000000000000000000000220; };
000000000000000000000200 = { isa = PBXFileReference; lastKnownFileType = sourcecode.swift; path = OnboardingView.swift; sourceTree = "<group>"; };
000000000000000000000201 = { isa = PBXBuildFile; fileRef = 000000000000000000000200; };
000000000000000000000202 = { isa = XCSwiftPackageProductDependency; package = 00000000000000000000001E; productName = TacticalGoOnboarding; };
000000000000000000000203 = { isa = PBXBuildFile; productRef = 000000000000000000000202; };
000000000000000000000194 = { isa = PBXFileReference; lastKnownFileType = sourcecode.swift; path = R2LabView.swift; sourceTree = "<group>"; };
000000000000000000000195 = { isa = PBXBuildFile; fileRef = 000000000000000000000194; };
000000000000000000000196 = { isa = PBXFileReference; lastKnownFileType = text.json; path = R2Positions.json; sourceTree = "<group>"; };
000000000000000000000197 = { isa = PBXBuildFile; fileRef = 000000000000000000000196; };
000000000000000000000190 = { isa = XCSwiftPackageProductDependency; package = 00000000000000000000001E; productName = TacticalGoRecords; };
000000000000000000000191 = { isa = PBXBuildFile; productRef = 000000000000000000000190; };
000000000000000000000192 = { isa = PBXFileReference; lastKnownFileType = sourcecode.swift; path = RecordLibraryView.swift; sourceTree = "<group>"; };
000000000000000000000193 = { isa = PBXBuildFile; fileRef = 000000000000000000000192; };
000000000000000000000184 = { isa = PBXFileReference; lastKnownFileType = sourcecode.swift; path = IntegratedAudioAudit.swift; sourceTree = "<group>"; };
000000000000000000000185 = { isa = PBXBuildFile; fileRef = 000000000000000000000184; };
000000000000000000000180 = { isa = PBXFileReference; lastKnownFileType = sourcecode.swift; path = CombatAudio.swift; sourceTree = "<group>"; };
000000000000000000000181 = { isa = PBXBuildFile; fileRef = 000000000000000000000180; };
000000000000000000000182 = { isa = PBXFileReference; lastKnownFileType = folder; path = Audio; sourceTree = "<group>"; };
000000000000000000000183 = { isa = PBXBuildFile; fileRef = 000000000000000000000182; };
000000000000000000000170 = { isa = XCSwiftPackageProductDependency; package = 00000000000000000000001E; productName = TacticalGoBot; };
000000000000000000000171 = { isa = PBXBuildFile; productRef = 000000000000000000000170; };
000000000000000000000160 = { isa = PBXFileReference; lastKnownFileType = sourcecode.swift; path = GameVisualAssets.swift; sourceTree = "<group>"; };
000000000000000000000161 = { isa = PBXBuildFile; fileRef = 000000000000000000000160; };
000000000000000000000162 = { isa = XCSwiftPackageProductDependency; package = 00000000000000000000001E; productName = TacticalGoVisuals; };
000000000000000000000163 = { isa = PBXBuildFile; productRef = 000000000000000000000162; };
000000000000000000000152 = { isa = PBXFileReference; lastKnownFileType = sourcecode.swift; path = PlayableGameTests.swift; sourceTree = "<group>"; };
000000000000000000000153 = { isa = PBXBuildFile; fileRef = 000000000000000000000152; };
000000000000000000000150 = { isa = PBXFileReference; lastKnownFileType = sourcecode.swift; path = PlayableGameView.swift; sourceTree = "<group>"; };
000000000000000000000151 = { isa = PBXBuildFile; fileRef = 000000000000000000000150; };
00000000000000000000012C = { isa = PBXFileReference; lastKnownFileType = sourcecode.swift; path = BoardInteractionTests.swift; sourceTree = "<group>"; };
00000000000000000000012D = { isa = PBXBuildFile; fileRef = 00000000000000000000012C; };
00000000000000000000012E = { isa = PBXGroup; children = (00000000000000000000012C, 000000000000000000000152); path = TacticalGoUITests; sourceTree = "<group>"; };
00000000000000000000012F = { isa = PBXFileReference; explicitFileType = wrapper.cfbundle; path = TacticalGoUITests.xctest; sourceTree = BUILT_PRODUCTS_DIR; };
000000000000000000000130 = { isa = PBXNativeTarget; buildConfigurationList = 000000000000000000000131; buildPhases = (000000000000000000000134, 000000000000000000000135); buildRules = (); dependencies = (000000000000000000000136); name = TacticalGoUITests; productName = TacticalGoUITests; productReference = 00000000000000000000012F; productType = "com.apple.product-type.bundle.ui-testing"; };
000000000000000000000131 = { isa = XCConfigurationList; buildConfigurations = (000000000000000000000132, 000000000000000000000133); defaultConfigurationIsVisible = 0; defaultConfigurationName = Release; };
000000000000000000000132 = { isa = XCBuildConfiguration; buildSettings = { GENERATE_INFOPLIST_FILE = YES; PRODUCT_BUNDLE_IDENTIFIER = com.tacticalgo.prototype.uitests; PRODUCT_NAME = "$(TARGET_NAME)"; TEST_TARGET_NAME = TacticalGo; SWIFT_VERSION = 6.0; ONLY_ACTIVE_ARCH = YES; TARGETED_DEVICE_FAMILY = "1,2"; }; name = Debug; };
000000000000000000000133 = { isa = XCBuildConfiguration; buildSettings = { GENERATE_INFOPLIST_FILE = YES; PRODUCT_BUNDLE_IDENTIFIER = com.tacticalgo.prototype.uitests; PRODUCT_NAME = "$(TARGET_NAME)"; TEST_TARGET_NAME = TacticalGo; SWIFT_VERSION = 6.0; ONLY_ACTIVE_ARCH = YES; TARGETED_DEVICE_FAMILY = "1,2"; }; name = Release; };
000000000000000000000134 = { isa = PBXSourcesBuildPhase; buildActionMask = 2147483647; files = (00000000000000000000012D, 000000000000000000000153); runOnlyForDeploymentPostprocessing = 0; };
000000000000000000000135 = { isa = PBXFrameworksBuildPhase; buildActionMask = 2147483647; files = (); runOnlyForDeploymentPostprocessing = 0; };
000000000000000000000136 = { isa = PBXTargetDependency; target = 000000000000000000000005; targetProxy = 000000000000000000000137; };
000000000000000000000137 = { isa = PBXContainerItemProxy; containerPortal = 000000000000000000000001; proxyType = 1; remoteGlobalIDString = 000000000000000000000005; remoteInfo = TacticalGo; };
000000000000000000000075 = { isa = PBXFileReference; lastKnownFileType = sourcecode.swift; path = MatchGallery.swift; sourceTree = "<group>"; };
0000000000000000000000D9 = { isa = PBXBuildFile; fileRef = 000000000000000000000075; };
000000000000000000000074 = { isa = PBXFileReference; lastKnownFileType = sourcecode.swift; path = ModelEffects.swift; sourceTree = "<group>"; };
0000000000000000000000D8 = { isa = PBXBuildFile; fileRef = 000000000000000000000074; };
000000000000000000000073 = { isa = PBXFileReference; lastKnownFileType = sourcecode.swift; path = ModelCamera.swift; sourceTree = "<group>"; };
0000000000000000000000D7 = { isa = PBXBuildFile; fileRef = 000000000000000000000073; };
000000000000000000000072 = { isa = PBXFileReference; lastKnownFileType = sourcecode.swift; path = ModelArena.swift; sourceTree = "<group>"; };
0000000000000000000000D6 = { isa = PBXBuildFile; fileRef = 000000000000000000000072; };
000000000000000000000070 = { isa = PBXFileReference; lastKnownFileType = sourcecode.swift; path = ModelLibrary.swift; sourceTree = "<group>"; };
0000000000000000000000D4 = { isa = PBXBuildFile; fileRef = 000000000000000000000070; };
000000000000000000000071 = { isa = PBXFileReference; lastKnownFileType = folder; path = Models; sourceTree = "<group>"; };
0000000000000000000000D5 = { isa = PBXBuildFile; fileRef = 000000000000000000000071; };
00000000000000000000006F = { isa = PBXFileReference; lastKnownFileType = sourcecode.swift; path = ModelGeometry.swift; sourceTree = "<group>"; };
0000000000000000000000D3 = { isa = PBXBuildFile; fileRef = 00000000000000000000006F; };
00000000000000000000006C = { isa = PBXFileReference; lastKnownFileType = sourcecode.swift; path = ModelExport.swift; sourceTree = "<group>"; };
0000000000000000000000D0 = { isa = PBXBuildFile; fileRef = 00000000000000000000006C; };
000000000000000000000069 = { isa = PBXFileReference; lastKnownFileType = sourcecode.swift; path = BoardPlayback.swift; sourceTree = "<group>"; };
0000000000000000000000CD = { isa = PBXBuildFile; fileRef = 000000000000000000000069; };
00000000000000000000006B = { isa = PBXFileReference; lastKnownFileType = sourcecode.swift; path = AnimationGallery.swift; sourceTree = "<group>"; };
0000000000000000000000CF = { isa = PBXBuildFile; fileRef = 00000000000000000000006B; };
00000000000000000000006A = { isa = PBXFileReference; lastKnownFileType = sourcecode.swift; path = ModelMotion.swift; sourceTree = "<group>"; };
0000000000000000000000CE = { isa = PBXBuildFile; fileRef = 00000000000000000000006A; };
000000000000000000000068 = { isa = PBXFileReference; lastKnownFileType = sourcecode.swift; path = ModelBoard.swift; sourceTree = "<group>"; };
0000000000000000000000CC = { isa = PBXBuildFile; fileRef = 000000000000000000000068; };
000000000000000000000064 = { isa = PBXFileReference; lastKnownFileType = sourcecode.swift; path = TacticalGoApp.swift; sourceTree = "<group>"; };
0000000000000000000000C8 = { isa = PBXBuildFile; fileRef = 000000000000000000000064; };
000000000000000000000065 = { isa = PBXFileReference; lastKnownFileType = sourcecode.swift; path = GameStore.swift; sourceTree = "<group>"; };
0000000000000000000000C9 = { isa = PBXBuildFile; fileRef = 000000000000000000000065; };
000000000000000000000066 = { isa = PBXFileReference; lastKnownFileType = sourcecode.swift; path = BoardViews.swift; sourceTree = "<group>"; };
0000000000000000000000CA = { isa = PBXBuildFile; fileRef = 000000000000000000000066; };
000000000000000000000067 = { isa = PBXFileReference; lastKnownFileType = sourcecode.swift; path = ContentView.swift; sourceTree = "<group>"; };
0000000000000000000000CB = { isa = PBXBuildFile; fileRef = 000000000000000000000067; };
00000000000000000000006E = { isa = PBXFileReference; lastKnownFileType = folder.assetcatalog; path = Assets.xcassets; sourceTree = "<group>"; };
0000000000000000000000D2 = { isa = PBXBuildFile; fileRef = 00000000000000000000006E; };
000000000000000000000001 = { isa = PBXProject; attributes = { LastUpgradeCheck = 2600; }; buildConfigurationList = 000000000000000000000014; compatibilityVersion = "Xcode 14.0"; developmentRegion = en; knownRegions = (en, Base); mainGroup = 000000000000000000000002; productRefGroup = 000000000000000000000004; projectDirPath = ""; projectRoot = ""; targets = (000000000000000000000005, 000000000000000000000130); packageReferences = (00000000000000000000001E); };
000000000000000000000002 = { isa = PBXGroup; children = (000000000000000000000003, 00000000000000000000012E, 000000000000000000000004); sourceTree = "<group>"; };
000000000000000000000003 = { isa = PBXGroup; children = (000000000000000000000270, 000000000000000000000264,000000000000000000000260,000000000000000000000262,000000000000000000000254, 000000000000000000000250, 000000000000000000000252, 000000000000000000000240, 000000000000000000000220, 000000000000000000000222, 000000000000000000000224, 000000000000000000000226, 000000000000000000000228, 000000000000000000000200, 000000000000000000000194, 000000000000000000000196, 000000000000000000000192, 000000000000000000000184, 000000000000000000000180, 000000000000000000000182, 000000000000000000000160, 000000000000000000000150, 000000000000000000000064, 000000000000000000000065, 000000000000000000000066, 000000000000000000000067, 000000000000000000000068, 000000000000000000000069, 00000000000000000000006A, 00000000000000000000006B, 00000000000000000000006C, 00000000000000000000006F, 000000000000000000000070, 000000000000000000000071, 000000000000000000000072, 000000000000000000000073, 000000000000000000000074, 000000000000000000000075, 00000000000000000000006E); path = TacticalGo; sourceTree = "<group>"; };
000000000000000000000004 = { isa = PBXGroup; children = (000000000000000000000006, 00000000000000000000012F); name = Products; sourceTree = "<group>"; };
000000000000000000000005 = { isa = PBXNativeTarget; buildConfigurationList = 000000000000000000000015; buildPhases = (000000000000000000000007, 000000000000000000000008, 000000000000000000000009); buildRules = (); dependencies = (); name = TacticalGo; productName = TacticalGo; productReference = 000000000000000000000006; productType = "com.apple.product-type.application"; packageProductDependencies = (000000000000000000000202, 000000000000000000000190, 000000000000000000000170, 000000000000000000000162, 00000000000000000000001F, 000000000000000000000021); };
000000000000000000000006 = { isa = PBXFileReference; explicitFileType = wrapper.application; path = TacticalGo.app; sourceTree = BUILT_PRODUCTS_DIR; };
000000000000000000000007 = { isa = PBXSourcesBuildPhase; buildActionMask = 2147483647; files = (000000000000000000000271, 000000000000000000000265,000000000000000000000261,000000000000000000000255, 000000000000000000000251, 000000000000000000000241, 000000000000000000000221, 000000000000000000000223, 000000000000000000000225, 000000000000000000000201, 000000000000000000000195, 000000000000000000000193, 000000000000000000000185, 000000000000000000000181, 000000000000000000000161, 000000000000000000000151, 0000000000000000000000C8, 0000000000000000000000C9, 0000000000000000000000CA, 0000000000000000000000CB, 0000000000000000000000CC, 0000000000000000000000CD, 0000000000000000000000CE, 0000000000000000000000CF, 0000000000000000000000D0, 0000000000000000000000D3, 0000000000000000000000D4, 0000000000000000000000D6, 0000000000000000000000D7, 0000000000000000000000D8, 0000000000000000000000D9); runOnlyForDeploymentPostprocessing = 0; };
000000000000000000000008 = { isa = PBXFrameworksBuildPhase; buildActionMask = 2147483647; files = (000000000000000000000203, 000000000000000000000191, 000000000000000000000171, 000000000000000000000163, 000000000000000000000020, 000000000000000000000022); runOnlyForDeploymentPostprocessing = 0; };
000000000000000000000009 = { isa = PBXResourcesBuildPhase; buildActionMask = 2147483647; files = (000000000000000000000263,000000000000000000000253, 000000000000000000000227, 000000000000000000000229, 000000000000000000000197, 000000000000000000000183, 0000000000000000000000D2, 0000000000000000000000D5); runOnlyForDeploymentPostprocessing = 0; };
00000000000000000000001E = { isa = XCLocalSwiftPackageReference; relativePath = ../swift/TacticalGoCore; };
00000000000000000000001F = { isa = XCSwiftPackageProductDependency; package = 00000000000000000000001E; productName = TacticalGoCore; };
000000000000000000000021 = { isa = XCSwiftPackageProductDependency; package = 00000000000000000000001E; productName = TacticalGoMotion; };
000000000000000000000022 = { isa = PBXBuildFile; productRef = 000000000000000000000021; };
000000000000000000000020 = { isa = PBXBuildFile; productRef = 00000000000000000000001F; };
000000000000000000000014 = { isa = XCConfigurationList; buildConfigurations = (000000000000000000000028, 000000000000000000000029); defaultConfigurationIsVisible = 0; defaultConfigurationName = Release; };
000000000000000000000015 = { isa = XCConfigurationList; buildConfigurations = (00000000000000000000002A, 00000000000000000000002B); defaultConfigurationIsVisible = 0; defaultConfigurationName = Release; };
000000000000000000000028 = { isa = XCBuildConfiguration; buildSettings = { IPHONEOS_DEPLOYMENT_TARGET = 17.0; SDKROOT = iphoneos; ALWAYS_SEARCH_USER_PATHS = NO; ENABLE_TESTABILITY = YES; SWIFT_VERSION = 6.0; }; name = Debug; };
000000000000000000000029 = { isa = XCBuildConfiguration; buildSettings = { IPHONEOS_DEPLOYMENT_TARGET = 17.0; SDKROOT = iphoneos; ALWAYS_SEARCH_USER_PATHS = NO; ENABLE_TESTABILITY = YES; SWIFT_VERSION = 6.0; }; name = Release; };
00000000000000000000002A = { isa = XCBuildConfiguration; buildSettings = { CODE_SIGN_STYLE = Automatic; GENERATE_INFOPLIST_FILE = YES; INFOPLIST_KEY_UIApplicationSceneManifest_Generation = YES; INFOPLIST_KEY_UILaunchScreen_Generation = YES; INFOPLIST_KEY_UISupportedInterfaceOrientations_iPhone = UIInterfaceOrientationPortrait; INFOPLIST_KEY_UISupportedInterfaceOrientations_iPad = "UIInterfaceOrientationPortrait UIInterfaceOrientationPortraitUpsideDown UIInterfaceOrientationLandscapeLeft UIInterfaceOrientationLandscapeRight"; PRODUCT_BUNDLE_IDENTIFIER = com.tacticalgo.prototype; PRODUCT_NAME = "$(TARGET_NAME)"; TARGETED_DEVICE_FAMILY = "1,2"; SWIFT_VERSION = 6.0; SWIFT_ACTIVE_COMPILATION_CONDITIONS = DEBUG; SWIFT_OPTIMIZATION_LEVEL = "-Onone"; ONLY_ACTIVE_ARCH = YES; }; name = Debug; };
00000000000000000000002B = { isa = XCBuildConfiguration; buildSettings = { CODE_SIGN_STYLE = Automatic; GENERATE_INFOPLIST_FILE = YES; INFOPLIST_KEY_UIApplicationSceneManifest_Generation = YES; INFOPLIST_KEY_UILaunchScreen_Generation = YES; INFOPLIST_KEY_UISupportedInterfaceOrientations_iPhone = UIInterfaceOrientationPortrait; INFOPLIST_KEY_UISupportedInterfaceOrientations_iPad = "UIInterfaceOrientationPortrait UIInterfaceOrientationPortraitUpsideDown UIInterfaceOrientationLandscapeLeft UIInterfaceOrientationLandscapeRight"; PRODUCT_BUNDLE_IDENTIFIER = com.tacticalgo.prototype; PRODUCT_NAME = "$(TARGET_NAME)"; TARGETED_DEVICE_FAMILY = "1,2"; SWIFT_VERSION = 6.0; SWIFT_OPTIMIZATION_LEVEL = "-O"; }; name = Release; };
}; rootObject = 000000000000000000000001; }
